
Microsoft Visual Studio Solution File, Format Version 12.00
# Visual Studio Version 17
VisualStudioVersion = 17.1.32319.34
MinimumVisualStudioVersion = 10.0.40219.1
Project("{FAE04EC0-301F-11D3-BF4B-00C04F79EFBC}") = "HospitalProject", "HospitalProject\HospitalProject.csproj", "{99733E6B-FDBE-425C-B6C5-3F10C3C25AAB}"
EndProject
Global
	GlobalSection(SolutionConfigurationPlatforms) = preSolution
		Debug|Any CPU = Debug|Any CPU
		Release|Any CPU = Release|Any CPU
	EndGlobalSection
	GlobalSection(ProjectConfigurationPlatforms) = postSolution
		{99733E6B-FDBE-425C-B6C5-3F10C3C25AAB}.Debug|Any CPU.ActiveCfg = Debug|Any CPU
		{99733E6B-FDBE-425C-B6C5-3F10C3C25AAB}.Debug|Any CPU.Build.0 = Debug|Any CPU
		{99733E6B-FDBE-425C-B6C5-3F10C3C25AAB}.Release|Any CPU.ActiveCfg = Release|Any CPU
		{99733E6B-FDBE-425C-B6C5-3F10C3C25AAB}.Release|Any CPU.Build.0 = Release|Any CPU
	EndGlobalSection
	GlobalSection(SolutionProperties) = preSolution
		HideSolutionNode = FALSE
	EndGlobalSection
	GlobalSection(ExtensibilityGlobals) = postSolution
		SolutionGuid = {4FA725B4-1BCC-410C-9972-70ADB68D4A37}
	EndGlobalSection
EndGlobal
